{
  "nodes": {
    "handygccs": {
      "flake": false,
      "locked": {
        "lastModified": 1674697322,
        "narHash": "sha256-bpvYkmrNaKoaJPeO26Y2sIlRyIaO6S86TucYWlXDDKE=",
        "owner": "ShadowBlip",
        "repo": "HandyGCCS",
        "rev": "1996b761dcf3ffcdcb04f7d9570d3157d752fb87",
        "type": "github"
      },
      "original": {
        "owner": "ShadowBlip",
        "ref": "aya2_dev",
        "repo": "HandyGCCS",
        "type": "github"
      }
    },
    "handygccs-flake": {
      "inputs": {
        "handygccs": "handygccs",
        "nixpkgs": "nixpkgs"
      },
      "locked": {
        "lastModified": 1675721600,
        "narHash": "sha256-yc6Y7w5WdspdFpIcUGYo6OLtQjhB3hK1AdH1h76hXMY=",
        "owner": "Betongsuggan",
        "repo": "handygccs-flake",
        "rev": "bcb3aee16a3a82b0bf99a7e22591b5bc5e1a3825",
        "type": "github"
      },
      "original": {
        "owner": "Betongsuggan",
        "ref": "xboxdrv-control-mapper",
        "repo": "handygccs-flake",
        "type": "github"
      }
    },
    "home-manager": {
      "inputs": {
        "nixpkgs": [
          "nixpkgs"
        ]
      },
      "locked": {
        "lastModified": 1682663009,
        "narHash": "sha256-i5ZDuY5kUBDwbWFUludL2cm6PBb6oj245qTFXSpOkdo=",
        "owner": "nix-community",
        "repo": "home-manager",
        "rev": "43ba4489bd3f9f69519f5f7ebdb76d0455eccbbe",
        "type": "github"
      },
      "original": {
        "owner": "nix-community",
        "repo": "home-manager",
        "type": "github"
      }
    },
    "nixpkgs": {
      "locked": {
        "lastModified": 1675681488,
        "narHash": "sha256-0E/oYpixC+joFk7UrY60TwZcdthzP2BXmJwne3Ni8ZI=",
        "owner": "NixOS",
        "repo": "nixpkgs",
        "rev": "13fdd3945d8a2da5e4afe35d8a629193a9680911",
        "type": "github"
      },
      "original": {
        "owner": "NixOS",
        "ref": "nixos-22.11",
        "repo": "nixpkgs",
        "type": "github"
      }
    },
    "nixpkgs_2": {
      "locked": {
        "lastModified": 1682526928,
        "narHash": "sha256-2cKh4O6t1rQ8Ok+v16URynmb0rV7oZPEbXkU0owNLQs=",
        "owner": "NixOS",
        "repo": "nixpkgs",
        "rev": "d6b863fd9b7bb962e6f9fdf292419a775e772891",
        "type": "github"
      },
      "original": {
        "id": "nixpkgs",
        "ref": "nixos-unstable",
        "type": "indirect"
      }
    },
    "root": {
      "inputs": {
        "handygccs-flake": "handygccs-flake",
        "home-manager": "home-manager",
        "nixpkgs": "nixpkgs_2"
      }
    }
  },
  "root": "root",
  "version": 7
}
