{
  "nodes": {
    "handygccs": {
      "flake": false,
      "locked": {
        "lastModified": 1674697322,
        "narHash": "sha256-bpvYkmrNaKoaJPeO26Y2sIlRyIaO6S86TucYWlXDDKE=",
        "owner": "ShadowBlip",
        "repo": "HandyGCCS",
        "rev": "1996b761dcf3ffcdcb04f7d9570d3157d752fb87",
        "type": "github"
      },
      "original": {
        "owner": "ShadowBlip",
        "ref": "aya2_dev",
        "repo": "HandyGCCS",
        "type": "github"
      }
    },
    "handygccs-flake": {
      "inputs": {
        "handygccs": "handygccs",
        "nixpkgs": "nixpkgs"
      },
      "locked": {
        "lastModified": 1675721600,
        "narHash": "sha256-yc6Y7w5WdspdFpIcUGYo6OLtQjhB3hK1AdH1h76hXMY=",
        "owner": "Betongsuggan",
        "repo": "handygccs-flake",
        "rev": "bcb3aee16a3a82b0bf99a7e22591b5bc5e1a3825",
        "type": "github"
      },
      "original": {
        "owner": "Betongsuggan",
        "ref": "xboxdrv-control-mapper",
        "repo": "handygccs-flake",
        "type": "github"
      }
    },
    "home-manager": {
      "inputs": {
        "nixpkgs": [
          "nixpkgs"
        ],
        "utils": "utils"
      },
      "locked": {
        "lastModified": 1678729503,
        "narHash": "sha256-j+h4Bdqbe+qjzhxdhkRmVgSx2lxJ8HnKeYcAhhnd1zM=",
        "owner": "nix-community",
        "repo": "home-manager",
        "rev": "24c1a6335e3da6a3ecf82f33ac50c2ad66aee346",
        "type": "github"
      },
      "original": {
        "owner": "nix-community",
        "repo": "home-manager",
        "type": "github"
      }
    },
    "nixpkgs": {
      "locked": {
        "lastModified": 1675681488,
        "narHash": "sha256-0E/oYpixC+joFk7UrY60TwZcdthzP2BXmJwne3Ni8ZI=",
        "owner": "NixOS",
        "repo": "nixpkgs",
        "rev": "13fdd3945d8a2da5e4afe35d8a629193a9680911",
        "type": "github"
      },
      "original": {
        "owner": "NixOS",
        "ref": "nixos-22.11",
        "repo": "nixpkgs",
        "type": "github"
      }
    },
    "nixpkgs_2": {
      "locked": {
        "lastModified": 1678654296,
        "narHash": "sha256-aVfw3ThpY7vkUeF1rFy10NAkpKDS2imj3IakrzT0Occ=",
        "owner": "NixOS",
        "repo": "nixpkgs",
        "rev": "5a1dc8acd977ff3dccd1328b7c4a6995429a656b",
        "type": "github"
      },
      "original": {
        "id": "nixpkgs",
        "ref": "nixos-unstable",
        "type": "indirect"
      }
    },
    "root": {
      "inputs": {
        "handygccs-flake": "handygccs-flake",
        "home-manager": "home-manager",
        "nixpkgs": "nixpkgs_2"
      }
    },
    "utils": {
      "locked": {
        "lastModified": 1676283394,
        "narHash": "sha256-XX2f9c3iySLCw54rJ/CZs+ZK6IQy7GXNY4nSOyu2QG4=",
        "owner": "numtide",
        "repo": "flake-utils",
        "rev": "3db36a8b464d0c4532ba1c7dda728f4576d6d073",
        "type": "github"
      },
      "original": {
        "owner": "numtide",
        "repo": "flake-utils",
        "type": "github"
      }
    }
  },
  "root": "root",
  "version": 7
}
