{
  "nodes": {
    "handygccs": {
      "flake": false,
      "locked": {
        "lastModified": 1674697322,
        "narHash": "sha256-bpvYkmrNaKoaJPeO26Y2sIlRyIaO6S86TucYWlXDDKE=",
        "owner": "ShadowBlip",
        "repo": "HandyGCCS",
        "rev": "1996b761dcf3ffcdcb04f7d9570d3157d752fb87",
        "type": "github"
      },
      "original": {
        "owner": "ShadowBlip",
        "ref": "aya2_dev",
        "repo": "HandyGCCS",
        "type": "github"
      }
    },
    "handygccs-flake": {
      "inputs": {
        "handygccs": "handygccs",
        "nixpkgs": "nixpkgs"
      },
      "locked": {
        "lastModified": 1675721600,
        "narHash": "sha256-yc6Y7w5WdspdFpIcUGYo6OLtQjhB3hK1AdH1h76hXMY=",
        "owner": "Betongsuggan",
        "repo": "handygccs-flake",
        "rev": "bcb3aee16a3a82b0bf99a7e22591b5bc5e1a3825",
        "type": "github"
      },
      "original": {
        "owner": "Betongsuggan",
        "ref": "xboxdrv-control-mapper",
        "repo": "handygccs-flake",
        "type": "github"
      }
    },
    "home-manager": {
      "inputs": {
        "nixpkgs": [
          "nixpkgs"
        ],
        "utils": "utils"
      },
      "locked": {
        "lastModified": 1681431470,
        "narHash": "sha256-8XJSkvlWvM71nJWx+T4+R0ovSMhJUBFHL2KfGgis7Lw=",
        "owner": "nix-community",
        "repo": "home-manager",
        "rev": "fe1e2dee1955f130830536403c7564f4afc6edc0",
        "type": "github"
      },
      "original": {
        "owner": "nix-community",
        "repo": "home-manager",
        "type": "github"
      }
    },
    "nixpkgs": {
      "locked": {
        "lastModified": 1675681488,
        "narHash": "sha256-0E/oYpixC+joFk7UrY60TwZcdthzP2BXmJwne3Ni8ZI=",
        "owner": "NixOS",
        "repo": "nixpkgs",
        "rev": "13fdd3945d8a2da5e4afe35d8a629193a9680911",
        "type": "github"
      },
      "original": {
        "owner": "NixOS",
        "ref": "nixos-22.11",
        "repo": "nixpkgs",
        "type": "github"
      }
    },
    "nixpkgs_2": {
      "locked": {
        "lastModified": 1681303793,
        "narHash": "sha256-JEdQHsYuCfRL2PICHlOiH/2ue3DwoxUX7DJ6zZxZXFk=",
        "owner": "NixOS",
        "repo": "nixpkgs",
        "rev": "fe2ecaf706a5907b5e54d979fbde4924d84b65fc",
        "type": "github"
      },
      "original": {
        "id": "nixpkgs",
        "ref": "nixos-unstable",
        "type": "indirect"
      }
    },
    "root": {
      "inputs": {
        "handygccs-flake": "handygccs-flake",
        "home-manager": "home-manager",
        "nixpkgs": "nixpkgs_2"
      }
    },
    "utils": {
      "locked": {
        "lastModified": 1678901627,
        "narHash": "sha256-U02riOqrKKzwjsxc/400XnElV+UtPUQWpANPlyazjH0=",
        "owner": "numtide",
        "repo": "flake-utils",
        "rev": "93a2b84fc4b70d9e089d029deacc3583435c2ed6",
        "type": "github"
      },
      "original": {
        "owner": "numtide",
        "repo": "flake-utils",
        "type": "github"
      }
    }
  },
  "root": "root",
  "version": 7
}
